
Microsoft Visual Studio Solution File, Format Version 12.00
# Visual Studio Version 17
VisualStudioVersion = 17.2.32519.379
MinimumVisualStudioVersion = 10.0.40219.1
Project("{9A19103F-16F7-4668-BE54-9A1E7A4F7556}") = "RayTracer", "RayTracer\RayTracer.csproj", "{84D2DEFA-9AF2-4978-91C7-E519C364219C}"
EndProject
Project("{9A19103F-16F7-4668-BE54-9A1E7A4F7556}") = "RayTracerTests", "RayTracerTests\RayTracerTests.csproj", "{BD286FC3-3008-456E-A4E0-197292AFBB42}"
EndProject
Project("{2150E333-8FDC-42A3-9474-1A3956D46DE8}") = "Solution Items", "Solution Items", "{BEB6C237-950B-483F-9851-3399B7FCBB2E}"
	ProjectSection(SolutionItems) = preProject
		.gitignore = .gitignore
		LICENSE = LICENSE
		README.md = README.md
	EndProjectSection
EndProject
Global
	GlobalSection(SolutionConfigurationPlatforms) = preSolution
		Debug|Any CPU = Debug|Any CPU
		Release|Any CPU = Release|Any CPU
	EndGlobalSection
	GlobalSection(ProjectConfigurationPlatforms) = postSolution
		{84D2DEFA-9AF2-4978-91C7-E519C364219C}.Debug|Any CPU.ActiveCfg = Debug|Any CPU
		{84D2DEFA-9AF2-4978-91C7-E519C364219C}.Debug|Any CPU.Build.0 = Debug|Any CPU
		{84D2DEFA-9AF2-4978-91C7-E519C364219C}.Release|Any CPU.ActiveCfg = Release|Any CPU
		{84D2DEFA-9AF2-4978-91C7-E519C364219C}.Release|Any CPU.Build.0 = Release|Any CPU
		{BD286FC3-3008-456E-A4E0-197292AFBB42}.Debug|Any CPU.ActiveCfg = Debug|Any CPU
		{BD286FC3-3008-456E-A4E0-197292AFBB42}.Debug|Any CPU.Build.0 = Debug|Any CPU
		{BD286FC3-3008-456E-A4E0-197292AFBB42}.Release|Any CPU.ActiveCfg = Release|Any CPU
		{BD286FC3-3008-456E-A4E0-197292AFBB42}.Release|Any CPU.Build.0 = Release|Any CPU
	EndGlobalSection
	GlobalSection(SolutionProperties) = preSolution
		HideSolutionNode = FALSE
	EndGlobalSection
	GlobalSection(ExtensibilityGlobals) = postSolution
		SolutionGuid = {D1CF85BA-141A-4E37-B142-CE49CED836C9}
	EndGlobalSection
EndGlobal
